# THIS IS AN AUTOGENERATED FILE. DO NOT EDIT THIS FILE DIRECTLY.
# yarn lockfile v1


file-size@^1.0.0:
  version "1.0.0"
  resolved "https://registry.yarnpkg.com/file-size/-/file-size-1.0.0.tgz#3338267d5d206bbf60f4df60c19d7ed3813a4657"
  integrity sha1-MzgmfV0ga79g9N9gwZ1+04E6Rlc=

foreachasync@^3.0.0:
  version "3.0.0"
  resolved "http://integ-docker:4873/foreachasync/-/foreachasync-3.0.0.tgz#5502987dc8714be3392097f32e0071c9dee07cf6"
  integrity sha1-VQKYfchxS+M5IJfzLgBxyd7gfPY=

walk@^2.3.13:
  version "2.3.13"
  resolved "http://integ-docker:4873/walk/-/walk-2.3.13.tgz#400852ade80df679f54637e4f08654ed6628f6da"
  integrity sha512-78SMe7To9U7kqVhSoGho3GfspA089ZDBIj2f8jElg2hi6lUCoagtDJ8sSMFNlpAh5Ib8Jt1gQ6Y7gh9mzHtFng==
  dependencies:
    foreachasync "^3.0.0"
